
Microsoft Visual Studio Solution File, Format Version 12.00
# Visual Studio Version 16
VisualStudioVersion = 16.0.30503.244
MinimumVisualStudioVersion = 10.0.40219.1
Project("{FAE04EC0-301F-11D3-BF4B-00C04F79EFBC}") = "Session1_2", "Session1_2\Session1_2.csproj", "{EEC26F00-4966-49F2-8181-41F09109255F}"
EndProject
Global
	GlobalSection(SolutionConfigurationPlatforms) = preSolution
		Debug|Any CPU = Debug|Any CPU
		Release|Any CPU = Release|Any CPU
	EndGlobalSection
	GlobalSection(ProjectConfigurationPlatforms) = postSolution
		{EEC26F00-4966-49F2-8181-41F09109255F}.Debug|Any CPU.ActiveCfg = Debug|Any CPU
		{EEC26F00-4966-49F2-8181-41F09109255F}.Debug|Any CPU.Build.0 = Debug|Any CPU
		{EEC26F00-4966-49F2-8181-41F09109255F}.Release|Any CPU.ActiveCfg = Release|Any CPU
		{EEC26F00-4966-49F2-8181-41F09109255F}.Release|Any CPU.Build.0 = Release|Any CPU
	EndGlobalSection
	GlobalSection(SolutionProperties) = preSolution
		HideSolutionNode = FALSE
	EndGlobalSection
	GlobalSection(ExtensibilityGlobals) = postSolution
		SolutionGuid = {3FF87EA2-24E9-4800-A9BD-19C613E9B9B5}
	EndGlobalSection
EndGlobal
